
Microsoft Visual Studio Solution File, Format Version 12.00
# Visual Studio Version 16
VisualStudioVersion = 16.0.30320.27
MinimumVisualStudioVersion = 10.0.40219.1
Project("{FAE04EC0-301F-11D3-BF4B-00C04F79EFBC}") = "SitozzFun", "SitozzFun\SitozzFun.csproj", "{A0FDF64C-B446-4E88-BFA0-FB496D6BEBD4}"
EndProject
Global
	GlobalSection(SolutionConfigurationPlatforms) = preSolution
		Debug|Any CPU = Debug|Any CPU
		Release|Any CPU = Release|Any CPU
	EndGlobalSection
	GlobalSection(ProjectConfigurationPlatforms) = postSolution
		{A0FDF64C-B446-4E88-BFA0-FB496D6BEBD4}.Debug|Any CPU.ActiveCfg = Debug|Any CPU
		{A0FDF64C-B446-4E88-BFA0-FB496D6BEBD4}.Debug|Any CPU.Build.0 = Debug|Any CPU
		{A0FDF64C-B446-4E88-BFA0-FB496D6BEBD4}.Release|Any CPU.ActiveCfg = Release|Any CPU
		{A0FDF64C-B446-4E88-BFA0-FB496D6BEBD4}.Release|Any CPU.Build.0 = Release|Any CPU
	EndGlobalSection
	GlobalSection(SolutionProperties) = preSolution
		HideSolutionNode = FALSE
	EndGlobalSection
	GlobalSection(ExtensibilityGlobals) = postSolution
		SolutionGuid = {DF5196E9-8D40-42FC-B742-D2CA52AC182B}
	EndGlobalSection
EndGlobal
